
Microsoft Visual Studio Solution File, Format Version 12.00
# Visual Studio Version 17
VisualStudioVersion = 17.0.31903.59
MinimumVisualStudioVersion = 10.0.40219.1
Project("{FAE04EC0-301F-11D3-BF4B-00C04F79EFBC}") = "Nasljedivanje4", "Nasljedivanje4.csproj", "{A5B32347-7BDC-4D25-BDC4-CFE06B759474}"
EndProject
Global
	GlobalSection(SolutionConfigurationPlatforms) = preSolution
		Debug|Any CPU = Debug|Any CPU
		Release|Any CPU = Release|Any CPU
	EndGlobalSection
	GlobalSection(ProjectConfigurationPlatforms) = postSolution
		{A5B32347-7BDC-4D25-BDC4-CFE06B759474}.Debug|Any CPU.ActiveCfg = Debug|Any CPU
		{A5B32347-7BDC-4D25-BDC4-CFE06B759474}.Debug|Any CPU.Build.0 = Debug|Any CPU
		{A5B32347-7BDC-4D25-BDC4-CFE06B759474}.Release|Any CPU.ActiveCfg = Release|Any CPU
		{A5B32347-7BDC-4D25-BDC4-CFE06B759474}.Release|Any CPU.Build.0 = Release|Any CPU
	EndGlobalSection
	GlobalSection(SolutionProperties) = preSolution
		HideSolutionNode = FALSE
	EndGlobalSection
	GlobalSection(ExtensibilityGlobals) = postSolution
		SolutionGuid = {CEE8801B-DFD2-4981-AD0E-785841CA9AC3}
	EndGlobalSection
EndGlobal
